
Microsoft Visual Studio Solution File, Format Version 12.00
# Visual Studio 14
VisualStudioVersion = 14.0.24720.0
MinimumVisualStudioVersion = 10.0.40219.1
Project("{8BC9CEB8-8B4A-11D0-8D11-00A0C91BC942}") = "Foresee", "Foresee\Foresee.vcxproj", "{AEB4FB9A-7BFF-4CFC-AB77-93742EAA3566}"
EndProject
Global
	GlobalSection(SolutionConfigurationPlatforms) = preSolution
		Debug|x64 = Debug|x64
		Debug|x86 = Debug|x86
		Release|x64 = Release|x64
		Release|x86 = Release|x86
	EndGlobalSection
	GlobalSection(ProjectConfigurationPlatforms) = postSolution
		{AEB4FB9A-7BFF-4CFC-AB77-93742EAA3566}.Debug|x64.ActiveCfg = Debug|x64
		{AEB4FB9A-7BFF-4CFC-AB77-93742EAA3566}.Debug|x64.Build.0 = Debug|x64
		{AEB4FB9A-7BFF-4CFC-AB77-93742EAA3566}.Debug|x86.ActiveCfg = Debug|Win32
		{AEB4FB9A-7BFF-4CFC-AB77-93742EAA3566}.Debug|x86.Build.0 = Debug|Win32
		{AEB4FB9A-7BFF-4CFC-AB77-93742EAA3566}.Release|x64.ActiveCfg = Release|x64
		{AEB4FB9A-7BFF-4CFC-AB77-93742EAA3566}.Release|x64.Build.0 = Release|x64
		{AEB4FB9A-7BFF-4CFC-AB77-93742EAA3566}.Release|x86.ActiveCfg = Release|Win32
		{AEB4FB9A-7BFF-4CFC-AB77-93742EAA3566}.Release|x86.Build.0 = Release|Win32
	EndGlobalSection
	GlobalSection(SolutionProperties) = preSolution
		HideSolutionNode = FALSE
	EndGlobalSection
EndGlobal
